
Microsoft Visual Studio Solution File, Format Version 12.00
# Visual Studio 15
VisualStudioVersion = 15.0.27428.2005
MinimumVisualStudioVersion = 10.0.40219.1
Project("{8BC9CEB8-8B4A-11D0-8D11-00A0C91BC942}") = "CProgramTemplate", "CProgramTemplate\CProgramTemplate.vcxproj", "{E445B437-72F2-420E-B67D-E14AB8550722}"
EndProject
Global
	GlobalSection(SolutionConfigurationPlatforms) = preSolution
		Debug|x64 = Debug|x64
		Debug|x86 = Debug|x86
		Release|x64 = Release|x64
		Release|x86 = Release|x86
	EndGlobalSection
	GlobalSection(ProjectConfigurationPlatforms) = postSolution
		{E445B437-72F2-420E-B67D-E14AB8550722}.Debug|x64.ActiveCfg = Debug|x64
		{E445B437-72F2-420E-B67D-E14AB8550722}.Debug|x64.Build.0 = Debug|x64
		{E445B437-72F2-420E-B67D-E14AB8550722}.Debug|x86.ActiveCfg = Debug|Win32
		{E445B437-72F2-420E-B67D-E14AB8550722}.Debug|x86.Build.0 = Debug|Win32
		{E445B437-72F2-420E-B67D-E14AB8550722}.Release|x64.ActiveCfg = Release|x64
		{E445B437-72F2-420E-B67D-E14AB8550722}.Release|x64.Build.0 = Release|x64
		{E445B437-72F2-420E-B67D-E14AB8550722}.Release|x86.ActiveCfg = Release|Win32
		{E445B437-72F2-420E-B67D-E14AB8550722}.Release|x86.Build.0 = Release|Win32
	EndGlobalSection
	GlobalSection(SolutionProperties) = preSolution
		HideSolutionNode = FALSE
	EndGlobalSection
	GlobalSection(ExtensibilityGlobals) = postSolution
		SolutionGuid = {D89223D0-42FA-4932-83E7-5D165A2E856E}
	EndGlobalSection
EndGlobal
